// !$*UTF8*$!
{
	archiveVersion = 1;
	classes = {
	};
	objectVersion = 56;
	objects = {

/* Begin PBXBuildFile section */
		23127A8EBFFDA1BBB542DD6B /* Pods_MetricSDKExampleApp.framework in Frameworks */ = {isa = PBXBuildFile; fileRef = B980374C34C3412EB42B634B /* Pods_MetricSDKExampleApp.framework */; };
		2CA95ABF2AA40F46009A7FB6 /* AppDelegate.swift in Sources */ = {isa = PBXBuildFile; fileRef = 2CA95ABE2AA40F46009A7FB6 /* AppDelegate.swift */; };
		2CA95AC12AA40F46009A7FB6 /* SceneDelegate.swift in Sources */ = {isa = PBXBuildFile; fileRef = 2CA95AC02AA40F46009A7FB6 /* SceneDelegate.swift */; };
		2CA95AC32AA40F46009A7FB6 /* ViewController.swift in Sources */ = {isa = PBXBuildFile; fileRef = 2CA95AC22AA40F46009A7FB6 /* ViewController.swift */; };
		2CA95AC62AA40F46009A7FB6 /* Main.storyboard in Resources */ = {isa = PBXBuildFile; fileRef = 2CA95AC42AA40F46009A7FB6 /* Main.storyboard */; };
		2CA95AC82AA40F48009A7FB6 /* Assets.xcassets in Resources */ = {isa = PBXBuildFile; fileRef = 2CA95AC72AA40F48009A7FB6 /* Assets.xcassets */; };
		2CA95ACB2AA40F49009A7FB6 /* LaunchScreen.storyboard in Resources */ = {isa = PBXBuildFile; fileRef = 2CA95AC92AA40F49009A7FB6 /* LaunchScreen.storyboard */; };
/* End PBXBuildFile section */

/* Begin PBXFileReference section */
		2117ACA8D1374979076D2734 /* Pods-MetricSDKExampleApp.debug.xcconfig */ = {isa = PBXFileReference; includeInIndex = 1; lastKnownFileType = text.xcconfig; name = "Pods-MetricSDKExampleApp.debug.xcconfig"; path = "Target Support Files/Pods-MetricSDKExampleApp/Pods-MetricSDKExampleApp.debug.xcconfig"; sourceTree = "<group>"; };
		2284D54EABCC7FF6C35E7593 /* Pods-MetricSDKExampleApp.release.xcconfig */ = {isa = PBXFileReference; includeInIndex = 1; lastKnownFileType = text.xcconfig; name = "Pods-MetricSDKExampleApp.release.xcconfig"; path = "Target Support Files/Pods-MetricSDKExampleApp/Pods-MetricSDKExampleApp.release.xcconfig"; sourceTree = "<group>"; };
		2C0ECC6F2AA5EDBC002239DA /* iProov.xcframework */ = {isa = PBXFileReference; lastKnownFileType = wrapper.xcframework; name = iProov.xcframework; path = Pods/iProov/iProov.xcframework; sourceTree = "<group>"; };
		2CA95ABB2AA40F46009A7FB6 /* MetricSDKExampleApp.app */ = {isa = PBXFileReference; explicitFileType = wrapper.application; includeInIndex = 0; path = MetricSDKExampleApp.app; sourceTree = BUILT_PRODUCTS_DIR; };
		2CA95ABE2AA40F46009A7FB6 /* AppDelegate.swift */ = {isa = PBXFileReference; lastKnownFileType = sourcecode.swift; path = AppDelegate.swift; sourceTree = "<group>"; };
		2CA95AC02AA40F46009A7FB6 /* SceneDelegate.swift */ = {isa = PBXFileReference; lastKnownFileType = sourcecode.swift; path = SceneDelegate.swift; sourceTree = "<group>"; };
		2CA95AC22AA40F46009A7FB6 /* ViewController.swift */ = {isa = PBXFileReference; lastKnownFileType = sourcecode.swift; path = ViewController.swift; sourceTree = "<group>"; };
		2CA95AC52AA40F46009A7FB6 /* Base */ = {isa = PBXFileReference; lastKnownFileType = file.storyboard; name = Base; path = Base.lproj/Main.storyboard; sourceTree = "<group>"; };
		2CA95AC72AA40F48009A7FB6 /* Assets.xcassets */ = {isa = PBXFileReference; lastKnownFileType = folder.assetcatalog; path = Assets.xcassets; sourceTree = "<group>"; };
		2CA95ACA2AA40F49009A7FB6 /* Base */ = {isa = PBXFileReference; lastKnownFileType = file.storyboard; name = Base; path = Base.lproj/LaunchScreen.storyboard; sourceTree = "<group>"; };
		2CA95ACC2AA40F49009A7FB6 /* Info.plist */ = {isa = PBXFileReference; lastKnownFileType = text.plist.xml; path = Info.plist; sourceTree = "<group>"; };
		B980374C34C3412EB42B634B /* Pods_MetricSDKExampleApp.framework */ = {isa = PBXFileReference; explicitFileType = wrapper.framework; includeInIndex = 0; path = Pods_MetricSDKExampleApp.framework; sourceTree = BUILT_PRODUCTS_DIR; };
/* End PBXFileReference section */

/* Begin PBXFrameworksBuildPhase section */
		2CA95AB82AA40F46009A7FB6 /* Frameworks */ = {
			isa = PBXFrameworksBuildPhase;
			buildActionMask = 2147483647;
			files = (
				23127A8EBFFDA1BBB542DD6B /* Pods_MetricSDKExampleApp.framework in Frameworks */,
			);
			runOnlyForDeploymentPostprocessing = 0;
		};
/* End PBXFrameworksBuildPhase section */

/* Begin PBXGroup section */
		2CA95AB22AA40F46009A7FB6 = {
			isa = PBXGroup;
			children = (
				2CA95ABD2AA40F46009A7FB6 /* MetricSDKExampleApp */,
				2CA95ABC2AA40F46009A7FB6 /* Products */,
				AA79130EA756BB8A5E15B4BF /* Pods */,
				3DC673E884DBFA74081141A1 /* Frameworks */,
			);
			sourceTree = "<group>";
		};
		2CA95ABC2AA40F46009A7FB6 /* Products */ = {
			isa = PBXGroup;
			children = (
				2CA95ABB2AA40F46009A7FB6 /* MetricSDKExampleApp.app */,
			);
			name = Products;
			sourceTree = "<group>";
		};
		2CA95ABD2AA40F46009A7FB6 /* MetricSDKExampleApp */ = {
			isa = PBXGroup;
			children = (
				2CA95ABE2AA40F46009A7FB6 /* AppDelegate.swift */,
				2CA95AC02AA40F46009A7FB6 /* SceneDelegate.swift */,
				2CA95AC22AA40F46009A7FB6 /* ViewController.swift */,
				2CA95AC42AA40F46009A7FB6 /* Main.storyboard */,
				2CA95AC72AA40F48009A7FB6 /* Assets.xcassets */,
				2CA95AC92AA40F49009A7FB6 /* LaunchScreen.storyboard */,
				2CA95ACC2AA40F49009A7FB6 /* Info.plist */,
			);
			path = MetricSDKExampleApp;
			sourceTree = "<group>";
		};
		3DC673E884DBFA74081141A1 /* Frameworks */ = {
			isa = PBXGroup;
			children = (
				2C0ECC6F2AA5EDBC002239DA /* iProov.xcframework */,
				B980374C34C3412EB42B634B /* Pods_MetricSDKExampleApp.framework */,
			);
			name = Frameworks;
			sourceTree = "<group>";
		};
		AA79130EA756BB8A5E15B4BF /* Pods */ = {
			isa = PBXGroup;
			children = (
				2117ACA8D1374979076D2734 /* Pods-MetricSDKExampleApp.debug.xcconfig */,
				2284D54EABCC7FF6C35E7593 /* Pods-MetricSDKExampleApp.release.xcconfig */,
			);
			path = Pods;
			sourceTree = "<group>";
		};
/* End PBXGroup section */

/* Begin PBXNativeTarget section */
		2CA95ABA2AA40F46009A7FB6 /* MetricSDKExampleApp */ = {
			isa = PBXNativeTarget;
			buildConfigurationList = 2CA95ACF2AA40F49009A7FB6 /* Build configuration list for PBXNativeTarget "MetricSDKExampleApp" */;
			buildPhases = (
				F1D5498DB03D6D3B78DF5EF0 /* [CP] Check Pods Manifest.lock */,
				2CA95AB72AA40F46009A7FB6 /* Sources */,
				2CA95AB82AA40F46009A7FB6 /* Frameworks */,
				2CA95AB92AA40F46009A7FB6 /* Resources */,
				AAED172216F63031BFA4DB6B /* [CP] Embed Pods Frameworks */,
			);
			buildRules = (
			);
			dependencies = (
			);
			name = MetricSDKExampleApp;
			productName = MetricSDKExampleApp;
			productReference = 2CA95ABB2AA40F46009A7FB6 /* MetricSDKExampleApp.app */;
			productType = "com.apple.product-type.application";
		};
/* End PBXNativeTarget section */

/* Begin PBXProject section */
		2CA95AB32AA40F46009A7FB6 /* Project object */ = {
			isa = PBXProject;
			attributes = {
				BuildIndependentTargetsInParallel = 1;
				LastSwiftUpdateCheck = 1430;
				LastUpgradeCheck = 1430;
				TargetAttributes = {
					2CA95ABA2AA40F46009A7FB6 = {
						CreatedOnToolsVersion = 14.3.1;
					};
				};
			};
			buildConfigurationList = 2CA95AB62AA40F46009A7FB6 /* Build configuration list for PBXProject "MetricSDKExampleApp" */;
			compatibilityVersion = "Xcode 14.0";
			developmentRegion = en;
			hasScannedForEncodings = 0;
			knownRegions = (
				en,
				Base,
			);
			mainGroup = 2CA95AB22AA40F46009A7FB6;
			productRefGroup = 2CA95ABC2AA40F46009A7FB6 /* Products */;
			projectDirPath = "";
			projectRoot = "";
			targets = (
				2CA95ABA2AA40F46009A7FB6 /* MetricSDKExampleApp */,
			);
		};
/* End PBXProject section */

/* Begin PBXResourcesBuildPhase section */
		2CA95AB92AA40F46009A7FB6 /* Resources */ = {
			isa = PBXResourcesBuildPhase;
			buildActionMask = 2147483647;
			files = (
				2CA95ACB2AA40F49009A7FB6 /* LaunchScreen.storyboard in Resources */,
				2CA95AC82AA40F48009A7FB6 /* Assets.xcassets in Resources */,
				2CA95AC62AA40F46009A7FB6 /* Main.storyboard in Resources */,
			);
			runOnlyForDeploymentPostprocessing = 0;
		};
/* End PBXResourcesBuildPhase section */

/* Begin PBXShellScriptBuildPhase section */
		AAED172216F63031BFA4DB6B /* [CP] Embed Pods Frameworks */ = {
			isa = PBXShellScriptBuildPhase;
			buildActionMask = 2147483647;
			files = (
			);
			inputFileListPaths = (
				"${PODS_ROOT}/Target Support Files/Pods-MetricSDKExampleApp/Pods-MetricSDKExampleApp-frameworks-${CONFIGURATION}-input-files.xcfilelist",
			);
			name = "[CP] Embed Pods Frameworks";
			outputFileListPaths = (
				"${PODS_ROOT}/Target Support Files/Pods-MetricSDKExampleApp/Pods-MetricSDKExampleApp-frameworks-${CONFIGURATION}-output-files.xcfilelist",
			);
			runOnlyForDeploymentPostprocessing = 0;
			shellPath = /bin/sh;
			shellScript = "\"${PODS_ROOT}/Target Support Files/Pods-MetricSDKExampleApp/Pods-MetricSDKExampleApp-frameworks.sh\"\n";
			showEnvVarsInLog = 0;
		};
		F1D5498DB03D6D3B78DF5EF0 /* [CP] Check Pods Manifest.lock */ = {
			isa = PBXShellScriptBuildPhase;
			buildActionMask = 2147483647;
			files = (
			);
			inputFileListPaths = (
			);
			inputPaths = (
				"${PODS_PODFILE_DIR_PATH}/Podfile.lock",
				"${PODS_ROOT}/Manifest.lock",
			);
			name = "[CP] Check Pods Manifest.lock";
			outputFileListPaths = (
			);
			outputPaths = (
				"$(DERIVED_FILE_DIR)/Pods-MetricSDKExampleApp-checkManifestLockResult.txt",
			);
			runOnlyForDeploymentPostprocessing = 0;
			shellPath = /bin/sh;
			shellScript = "diff \"${PODS_PODFILE_DIR_PATH}/Podfile.lock\" \"${PODS_ROOT}/Manifest.lock\" > /dev/null\nif [ $? != 0 ] ; then\n    # print error to STDERR\n    echo \"error: The sandbox is not in sync with the Podfile.lock. Run 'pod install' or update your CocoaPods installation.\" >&2\n    exit 1\nfi\n# This output is used by Xcode 'outputs' to avoid re-running this script phase.\necho \"SUCCESS\" > \"${SCRIPT_OUTPUT_FILE_0}\"\n";
			showEnvVarsInLog = 0;
		};
/* End PBXShellScriptBuildPhase section */

/* Begin PBXSourcesBuildPhase section */
		2CA95AB72AA40F46009A7FB6 /* Sources */ = {
			isa = PBXSourcesBuildPhase;
			buildActionMask = 2147483647;
			files = (
				2CA95AC32AA40F46009A7FB6 /* ViewController.swift in Sources */,
				2CA95ABF2AA40F46009A7FB6 /* AppDelegate.swift in Sources */,
				2CA95AC12AA40F46009A7FB6 /* SceneDelegate.swift in Sources */,
			);
			runOnlyForDeploymentPostprocessing = 0;
		};
/* End PBXSourcesBuildPhase section */

/* Begin PBXVariantGroup section */
		2CA95AC42AA40F46009A7FB6 /* Main.storyboard */ = {
			isa = PBXVariantGroup;
			children = (
				2CA95AC52AA40F46009A7FB6 /* Base */,
			);
			name = Main.storyboard;
			sourceTree = "<group>";
		};
		2CA95AC92AA40F49009A7FB6 /* LaunchScreen.storyboard */ = {
			isa = PBXVariantGroup;
			children = (
				2CA95ACA2AA40F49009A7FB6 /* Base */,
			);
			name = LaunchScreen.storyboard;
			sourceTree = "<group>";
		};
/* End PBXVariantGroup section */

/* Begin XCBuildConfiguration section */
		2CA95ACD2AA40F49009A7FB6 /* Debug */ = {
			isa = XCBuildConfiguration;
			buildSettings = {
				ALWAYS_SEARCH_USER_PATHS = NO;
				CLANG_ANALYZER_NONNULL = YES;
				CLANG_ANALYZER_NUMBER_OBJECT_CONVERSION = YES_AGGRESSIVE;
				CLANG_CXX_LANGUAGE_STANDARD = "gnu++20";
				CLANG_ENABLE_MODULES = YES;
				CLANG_ENABLE_OBJC_ARC = YES;
				CLANG_ENABLE_OBJC_WEAK = YES;
				CLANG_WARN_BLOCK_CAPTURE_AUTORELEASING = YES;
				CLANG_WARN_BOOL_CONVERSION = YES;
				CLANG_WARN_COMMA = YES;
				CLANG_WARN_CONSTANT_CONVERSION = YES;
				CLANG_WARN_DEPRECATED_OBJC_IMPLEMENTATIONS = YES;
				CLANG_WARN_DIRECT_OBJC_ISA_USAGE = YES_ERROR;
				CLANG_WARN_DOCUMENTATION_COMMENTS = YES;
				CLANG_WARN_EMPTY_BODY = YES;
				CLANG_WARN_ENUM_CONVERSION = YES;
				CLANG_WARN_INFINITE_RECURSION = YES;
				CLANG_WARN_INT_CONVERSION = YES;
				CLANG_WARN_NON_LITERAL_NULL_CONVERSION = YES;
				CLANG_WARN_OBJC_IMPLICIT_RETAIN_SELF = YES;
				CLANG_WARN_OBJC_LITERAL_CONVERSION = YES;
				CLANG_WARN_OBJC_ROOT_CLASS = YES_ERROR;
				CLANG_WARN_QUOTED_INCLUDE_IN_FRAMEWORK_HEADER = YES;
				CLANG_WARN_RANGE_LOOP_ANALYSIS = YES;
				CLANG_WARN_STRICT_PROTOTYPES = YES;
				CLANG_WARN_SUSPICIOUS_MOVE = YES;
				CLANG_WARN_UNGUARDED_AVAILABILITY = YES_AGGRESSIVE;
				CLANG_WARN_UNREACHABLE_CODE = YES;
				CLANG_WARN__DUPLICATE_METHOD_MATCH = YES;
				COPY_PHASE_STRIP = NO;
				DEBUG_INFORMATION_FORMAT = dwarf;
				ENABLE_STRICT_OBJC_MSGSEND = YES;
				ENABLE_TESTABILITY = YES;
				GCC_C_LANGUAGE_STANDARD = gnu11;
				GCC_DYNAMIC_NO_PIC = NO;
				GCC_NO_COMMON_BLOCKS = YES;
				GCC_OPTIMIZATION_LEVEL = 0;
				GCC_PREPROCESSOR_DEFINITIONS = (
					"DEBUG=1",
					"$(inherited)",
				);
				GCC_WARN_64_TO_32_BIT_CONVERSION = YES;
				GCC_WARN_ABOUT_RETURN_TYPE = YES_ERROR;
				GCC_WARN_UNDECLARED_SELECTOR = YES;
				GCC_WARN_UNINITIALIZED_AUTOS = YES_AGGRESSIVE;
				GCC_WARN_UNUSED_FUNCTION = YES;
				GCC_WARN_UNUSED_VARIABLE = YES;
				IPHONEOS_DEPLOYMENT_TARGET = 15.0;
				MTL_ENABLE_DEBUG_INFO = INCLUDE_SOURCE;
				MTL_FAST_MATH = YES;
				ONLY_ACTIVE_ARCH = YES;
				SDKROOT = iphoneos;
				SWIFT_ACTIVE_COMPILATION_CONDITIONS = DEBUG;
				SWIFT_OPTIMIZATION_LEVEL = "-Onone";
			};
			name = Debug;
		};
		2CA95ACE2AA40F49009A7FB6 /* Release */ = {
			isa = XCBuildConfiguration;
			buildSettings = {
				ALWAYS_SEARCH_USER_PATHS = NO;
				CLANG_ANALYZER_NONNULL = YES;
				CLANG_ANALYZER_NUMBER_OBJECT_CONVERSION = YES_AGGRESSIVE;
				CLANG_CXX_LANGUAGE_STANDARD = "gnu++20";
				CLANG_ENABLE_MODULES = YES;
				CLANG_ENABLE_OBJC_ARC = YES;
				CLANG_ENABLE_OBJC_WEAK = YES;
				CLANG_WARN_BLOCK_CAPTURE_AUTORELEASING = YES;
				CLANG_WARN_BOOL_CONVERSION = YES;
				CLANG_WARN_COMMA = YES;
				CLANG_WARN_CONSTANT_CONVERSION = YES;
				CLANG_WARN_DEPRECATED_OBJC_IMPLEMENTATIONS = YES;
				CLANG_WARN_DIRECT_OBJC_ISA_USAGE = YES_ERROR;
				CLANG_WARN_DOCUMENTATION_COMMENTS = YES;
				CLANG_WARN_EMPTY_BODY = YES;
				CLANG_WARN_ENUM_CONVERSION = YES;
				CLANG_WARN_INFINITE_RECURSION = YES;
				CLANG_WARN_INT_CONVERSION = YES;
				CLANG_WARN_NON_LITERAL_NULL_CONVERSION = YES;
				CLANG_WARN_OBJC_IMPLICIT_RETAIN_SELF = YES;
				CLANG_WARN_OBJC_LITERAL_CONVERSION = YES;
				CLANG_WARN_OBJC_ROOT_CLASS = YES_ERROR;
				CLANG_WARN_QUOTED_INCLUDE_IN_FRAMEWORK_HEADER = YES;
				CLANG_WARN_RANGE_LOOP_ANALYSIS = YES;
				CLANG_WARN_STRICT_PROTOTYPES = YES;
				CLANG_WARN_SUSPICIOUS_MOVE = YES;
				CLANG_WARN_UNGUARDED_AVAILABILITY = YES_AGGRESSIVE;
				CLANG_WARN_UNREACHABLE_CODE = YES;
				CLANG_WARN__DUPLICATE_METHOD_MATCH = YES;
				COPY_PHASE_STRIP = NO;
				DEBUG_INFORMATION_FORMAT = "dwarf-with-dsym";
				ENABLE_NS_ASSERTIONS = NO;
				ENABLE_STRICT_OBJC_MSGSEND = YES;
				GCC_C_LANGUAGE_STANDARD = gnu11;
				GCC_NO_COMMON_BLOCKS = YES;
				GCC_WARN_64_TO_32_BIT_CONVERSION = YES;
				GCC_WARN_ABOUT_RETURN_TYPE = YES_ERROR;
				GCC_WARN_UNDECLARED_SELECTOR = YES;
				GCC_WARN_UNINITIALIZED_AUTOS = YES_AGGRESSIVE;
				GCC_WARN_UNUSED_FUNCTION = YES;
				GCC_WARN_UNUSED_VARIABLE = YES;
				IPHONEOS_DEPLOYMENT_TARGET = 15.0;
				MTL_ENABLE_DEBUG_INFO = NO;
				MTL_FAST_MATH = YES;
				SDKROOT = iphoneos;
				SWIFT_COMPILATION_MODE = wholemodule;
				SWIFT_OPTIMIZATION_LEVEL = "-O";
				VALIDATE_PRODUCT = YES;
			};
			name = Release;
		};
		2CA95AD02AA40F49009A7FB6 /* Debug */ = {
			isa = XCBuildConfiguration;
			baseConfigurationReference = 2117ACA8D1374979076D2734 /* Pods-MetricSDKExampleApp.debug.xcconfig */;
			buildSettings = {
				ASSETCATALOG_COMPILER_APPICON_NAME = AppIcon;
				ASSETCATALOG_COMPILER_GLOBAL_ACCENT_COLOR_NAME = AccentColor;
				CODE_SIGN_STYLE = Automatic;
				CURRENT_PROJECT_VERSION = 1;
				DEVELOPMENT_TEAM = 9ZHYVF8UWL;
				GENERATE_INFOPLIST_FILE = YES;
				INFOPLIST_FILE = MetricSDKExampleApp/Info.plist;
				INFOPLIST_KEY_UIApplicationSupportsIndirectInputEvents = YES;
				INFOPLIST_KEY_UILaunchStoryboardName = LaunchScreen;
				INFOPLIST_KEY_UIMainStoryboardFile = Main;
				INFOPLIST_KEY_UISupportedInterfaceOrientations_iPad = "UIInterfaceOrientationPortrait UIInterfaceOrientationPortraitUpsideDown UIInterfaceOrientationLandscapeLeft UIInterfaceOrientationLandscapeRight";
				INFOPLIST_KEY_UISupportedInterfaceOrientations_iPhone = "UIInterfaceOrientationPortrait UIInterfaceOrientationLandscapeLeft UIInterfaceOrientationLandscapeRight";
				LD_RUNPATH_SEARCH_PATHS = (
					"$(inherited)",
					"@executable_path/Frameworks",
				);
				MARKETING_VERSION = 1.0;
				PRODUCT_BUNDLE_IDENTIFIER = metricsdk.metric.MetricSDKExampleApp;
				PRODUCT_NAME = "$(TARGET_NAME)";
				SWIFT_EMIT_LOC_STRINGS = YES;
				SWIFT_VERSION = 5.0;
				TARGETED_DEVICE_FAMILY = "1,2";
			};
			name = Debug;
		};
		2CA95AD12AA40F49009A7FB6 /* Release */ = {
			isa = XCBuildConfiguration;
			baseConfigurationReference = 2284D54EABCC7FF6C35E7593 /* Pods-MetricSDKExampleApp.release.xcconfig */;
			buildSettings = {
				ASSETCATALOG_COMPILER_APPICON_NAME = AppIcon;
				ASSETCATALOG_COMPILER_GLOBAL_ACCENT_COLOR_NAME = AccentColor;
				CODE_SIGN_STYLE = Automatic;
				CURRENT_PROJECT_VERSION = 1;
				DEVELOPMENT_TEAM = 9ZHYVF8UWL;
				GENERATE_INFOPLIST_FILE = YES;
				INFOPLIST_FILE = MetricSDKExampleApp/Info.plist;
				INFOPLIST_KEY_UIApplicationSupportsIndirectInputEvents = YES;
				INFOPLIST_KEY_UILaunchStoryboardName = LaunchScreen;
				INFOPLIST_KEY_UIMainStoryboardFile = Main;
				INFOPLIST_KEY_UISupportedInterfaceOrientations_iPad = "UIInterfaceOrientationPortrait UIInterfaceOrientationPortraitUpsideDown UIInterfaceOrientationLandscapeLeft UIInterfaceOrientationLandscapeRight";
				INFOPLIST_KEY_UISupportedInterfaceOrientations_iPhone = "UIInterfaceOrientationPortrait UIInterfaceOrientationLandscapeLeft UIInterfaceOrientationLandscapeRight";
				LD_RUNPATH_SEARCH_PATHS = (
					"$(inherited)",
					"@executable_path/Frameworks",
				);
				MARKETING_VERSION = 1.0;
				PRODUCT_BUNDLE_IDENTIFIER = metricsdk.metric.MetricSDKExampleApp;
				PRODUCT_NAME = "$(TARGET_NAME)";
				SWIFT_EMIT_LOC_STRINGS = YES;
				SWIFT_VERSION = 5.0;
				TARGETED_DEVICE_FAMILY = "1,2";
			};
			name = Release;
		};
/* End XCBuildConfiguration section */

/* Begin XCConfigurationList section */
		2CA95AB62AA40F46009A7FB6 /* Build configuration list for PBXProject "MetricSDKExampleApp" */ = {
			isa = XCConfigurationList;
			buildConfigurations = (
				2CA95ACD2AA40F49009A7FB6 /* Debug */,
				2CA95ACE2AA40F49009A7FB6 /* Release */,
			);
			defaultConfigurationIsVisible = 0;
			defaultConfigurationName = Release;
		};
		2CA95ACF2AA40F49009A7FB6 /* Build configuration list for PBXNativeTarget "MetricSDKExampleApp" */ = {
			isa = XCConfigurationList;
			buildConfigurations = (
				2CA95AD02AA40F49009A7FB6 /* Debug */,
				2CA95AD12AA40F49009A7FB6 /* Release */,
			);
			defaultConfigurationIsVisible = 0;
			defaultConfigurationName = Release;
		};
/* End XCConfigurationList section */
	};
	rootObject = 2CA95AB32AA40F46009A7FB6 /* Project object */;
}
